
Microsoft Visual Studio Solution File, Format Version 12.00
# Visual Studio Version 17
VisualStudioVersion = 17.7.34024.191
MinimumVisualStudioVersion = 10.0.40219.1
Project("{2150E333-8FDC-42A3-9474-1A3956D46DE8}") = "01podstawy", "01podstawy", "{8A060558-79E7-4A85-8178-611943546D93}"
EndProject
Project("{2150E333-8FDC-42A3-9474-1A3956D46DE8}") = "02 instrukcje decyzyjne", "02 instrukcje decyzyjne", "{2EDCBD4E-EF61-47B6-A3E2-932E94B8C555}"
EndProject
Project("{8BC9CEB8-8B4A-11D0-8D11-00A0C91BC942}") = "InstructionIfConsoleApplication", "InstructionIfConsoleApplication\InstructionIfConsoleApplication.vcxproj", "{E2D01D85-BC06-4C8D-815C-FC0DBF6D51EB}"
EndProject
Project("{8BC9CEB8-8B4A-11D0-8D11-00A0C91BC942}") = "petla", "petla\petla.vcxproj", "{BC0F880C-8B0C-49E7-BD42-C612B5AF882B}"
EndProject
Project("{2150E333-8FDC-42A3-9474-1A3956D46DE8}") = "03 collections", "03 collections", "{60D5A473-25CC-408C-9A42-2B93AC2C6E15}"
EndProject
Project("{8BC9CEB8-8B4A-11D0-8D11-00A0C91BC942}") = "string_console_app", "string_console_app\string_console_app.vcxproj", "{CB5CAA1E-8A5B-4A0E-BC89-FCABC97CFF43}"
EndProject
Project("{2150E333-8FDC-42A3-9474-1A3956D46DE8}") = "0.4 array", "0.4 array", "{158E7298-3135-4339-97E0-6EDB9AC1298D}"
EndProject
Project("{8BC9CEB8-8B4A-11D0-8D11-00A0C91BC942}") = "array_console_application", "array_console_application\array_console_application.vcxproj", "{5D7C1A34-AF48-48D4-A854-E010C6C8ECDA}"
EndProject
Project("{2150E333-8FDC-42A3-9474-1A3956D46DE8}") = "0.5 struct", "0.5 struct", "{9596D75F-E68D-446D-BC7D-A9B5206E0A5D}"
EndProject
Project("{8BC9CEB8-8B4A-11D0-8D11-00A0C91BC942}") = "struct_console_app", "struct_console_app\struct_console_app.vcxproj", "{16E9FCE9-D285-459F-9AD4-E1DBAD48F878}"
EndProject
Project("{2150E333-8FDC-42A3-9474-1A3956D46DE8}") = "programowanie_strukturalne", "programowanie_strukturalne", "{1393564D-4049-419F-A077-81F2621C5092}"
EndProject
Project("{2150E333-8FDC-42A3-9474-1A3956D46DE8}") = "programowanie_obiektowe", "programowanie_obiektowe", "{7424C017-99C7-47CD-949D-6A7FAFBFF35C}"
	ProjectSection(SolutionItems) = preProject
		Point.cs = Point.cs
	EndProjectSection
EndProject
Project("{2150E333-8FDC-42A3-9474-1A3956D46DE8}") = "01.podstawy", "01.podstawy", "{66324E5F-6D7B-481F-B971-C080C1E93294}"
EndProject
Project("{8BC9CEB8-8B4A-11D0-8D11-00A0C91BC942}") = "firstObjectConsoleApp", "firstObjectConsoleApp\firstObjectConsoleApp.vcxproj", "{0040C86D-2787-46D0-BBC5-1683642C6090}"
EndProject
Project("{8BC9CEB8-8B4A-11D0-8D11-00A0C91BC942}") = "STRUCT.ZAD", "STRUCT.ZAD\STRUCT.ZAD.vcxproj", "{7FAF9A8F-4904-4DCD-8584-9A6EB5D1E893}"
EndProject
Project("{8BC9CEB8-8B4A-11D0-8D11-00A0C91BC942}") = "Inheritance", "Inheritance\Inheritance.vcxproj", "{16FC6942-970E-4E51-A3BB-B0AC0B2B4267}"
EndProject
Project("{2150E333-8FDC-42A3-9474-1A3956D46DE8}") = "0.2 dziedziczenie", "0.2 dziedziczenie", "{712FD463-AA9F-4919-9983-F559D7CEAAE6}"
EndProject
Project("{8BC9CEB8-8B4A-11D0-8D11-00A0C91BC942}") = "dziedziczenie", "dziedziczenie\dziedziczenie.vcxproj", "{50FACB27-1C86-4E18-87E8-D7EE70F48079}"
EndProject
Project("{8BC9CEB8-8B4A-11D0-8D11-00A0C91BC942}") = "zadania", "zadania\zadania.vcxproj", "{753BFED4-F91E-4BA5-8AE6-5C7E6D545FC9}"
EndProject
Project("{FAE04EC0-301F-11D3-BF4B-00C04F79EFBC}") = "structconsoleapp", "structconsoleapp\structconsoleapp.csproj", "{A77CA644-C4F4-467F-B1A3-B6254F969F9D}"
EndProject
Project("{9A19103F-16F7-4668-BE54-9A1E7A4F7556}") = "classConsoleApp", "classConsoleApp\classConsoleApp.csproj", "{A7B3F9C7-ABCD-40CE-A865-C65B2A35E8A0}"
EndProject
Project("{2150E333-8FDC-42A3-9474-1A3956D46DE8}") = "ListCollectionConsoleApp", "ListCollectionConsoleApp", "{5B345F36-8E50-4D62-BC6F-0BDFA298D0CC}"
EndProject
Project("{2150E333-8FDC-42A3-9474-1A3956D46DE8}") = "MAUI", "MAUI", "{02EA681E-C7D8-13C7-8484-4AC65E1B71E8}"
EndProject
Project("{FAE04EC0-301F-11D3-BF4B-00C04F79EFBC}") = "FirstAppMauiApp", "FirstAppMauiApp\FirstAppMauiApp.csproj", "{8BE2414B-8965-4BB5-96B6-9E642D7675BB}"
EndProject
Project("{FAE04EC0-301F-11D3-BF4B-00C04F79EFBC}") = "impleCalculatorMauiApp", "impleCalculatorMauiApp\impleCalculatorMauiApp.csproj", "{C9025857-05B1-4B04-987D-35157FCFE22D}"
EndProject
Project("{FAE04EC0-301F-11D3-BF4B-00C04F79EFBC}") = "MainPageMauiApp", "MainPageMauiApp\MainPageMauiApp.csproj", "{F94F9C70-1DCC-4257-A601-6DB22CD2715A}"
EndProject
Project("{FAE04EC0-301F-11D3-BF4B-00C04F79EFBC}") = "BindingCalculatorMauiApp2", "BindingCalculatorMauiApp2\BindingCalculatorMauiApp2.csproj", "{AFAAE62A-0E3F-4B21-A8B3-A1FB6A4B9EE4}"
EndProject
Global
	GlobalSection(SolutionConfigurationPlatforms) = preSolution
		Debug|Any CPU = Debug|Any CPU
		Debug|x64 = Debug|x64
		Debug|x86 = Debug|x86
		Release|Any CPU = Release|Any CPU
		Release|x64 = Release|x64
		Release|x86 = Release|x86
	EndGlobalSection
	GlobalSection(ProjectConfigurationPlatforms) = postSolution
		{E2D01D85-BC06-4C8D-815C-FC0DBF6D51EB}.Debug|Any CPU.ActiveCfg = Debug|x64
		{E2D01D85-BC06-4C8D-815C-FC0DBF6D51EB}.Debug|Any CPU.Build.0 = Debug|x64
		{E2D01D85-BC06-4C8D-815C-FC0DBF6D51EB}.Debug|x64.ActiveCfg = Debug|x64
		{E2D01D85-BC06-4C8D-815C-FC0DBF6D51EB}.Debug|x64.Build.0 = Debug|x64
		{E2D01D85-BC06-4C8D-815C-FC0DBF6D51EB}.Debug|x86.ActiveCfg = Debug|Win32
		{E2D01D85-BC06-4C8D-815C-FC0DBF6D51EB}.Debug|x86.Build.0 = Debug|Win32
		{E2D01D85-BC06-4C8D-815C-FC0DBF6D51EB}.Release|Any CPU.ActiveCfg = Release|x64
		{E2D01D85-BC06-4C8D-815C-FC0DBF6D51EB}.Release|Any CPU.Build.0 = Release|x64
		{E2D01D85-BC06-4C8D-815C-FC0DBF6D51EB}.Release|x64.ActiveCfg = Release|x64
		{E2D01D85-BC06-4C8D-815C-FC0DBF6D51EB}.Release|x64.Build.0 = Release|x64
		{E2D01D85-BC06-4C8D-815C-FC0DBF6D51EB}.Release|x86.ActiveCfg = Release|Win32
		{E2D01D85-BC06-4C8D-815C-FC0DBF6D51EB}.Release|x86.Build.0 = Release|Win32
		{BC0F880C-8B0C-49E7-BD42-C612B5AF882B}.Debug|Any CPU.ActiveCfg = Debug|x64
		{BC0F880C-8B0C-49E7-BD42-C612B5AF882B}.Debug|Any CPU.Build.0 = Debug|x64
		{BC0F880C-8B0C-49E7-BD42-C612B5AF882B}.Debug|x64.ActiveCfg = Debug|x64
		{BC0F880C-8B0C-49E7-BD42-C612B5AF882B}.Debug|x64.Build.0 = Debug|x64
		{BC0F880C-8B0C-49E7-BD42-C612B5AF882B}.Debug|x86.ActiveCfg = Debug|Win32
		{BC0F880C-8B0C-49E7-BD42-C612B5AF882B}.Debug|x86.Build.0 = Debug|Win32
		{BC0F880C-8B0C-49E7-BD42-C612B5AF882B}.Release|Any CPU.ActiveCfg = Release|x64
		{BC0F880C-8B0C-49E7-BD42-C612B5AF882B}.Release|Any CPU.Build.0 = Release|x64
		{BC0F880C-8B0C-49E7-BD42-C612B5AF882B}.Release|x64.ActiveCfg = Release|x64
		{BC0F880C-8B0C-49E7-BD42-C612B5AF882B}.Release|x64.Build.0 = Release|x64
		{BC0F880C-8B0C-49E7-BD42-C612B5AF882B}.Release|x86.ActiveCfg = Release|Win32
		{BC0F880C-8B0C-49E7-BD42-C612B5AF882B}.Release|x86.Build.0 = Release|Win32
		{CB5CAA1E-8A5B-4A0E-BC89-FCABC97CFF43}.Debug|Any CPU.ActiveCfg = Debug|x64
		{CB5CAA1E-8A5B-4A0E-BC89-FCABC97CFF43}.Debug|Any CPU.Build.0 = Debug|x64
		{CB5CAA1E-8A5B-4A0E-BC89-FCABC97CFF43}.Debug|x64.ActiveCfg = Debug|x64
		{CB5CAA1E-8A5B-4A0E-BC89-FCABC97CFF43}.Debug|x64.Build.0 = Debug|x64
		{CB5CAA1E-8A5B-4A0E-BC89-FCABC97CFF43}.Debug|x86.ActiveCfg = Debug|Win32
		{CB5CAA1E-8A5B-4A0E-BC89-FCABC97CFF43}.Debug|x86.Build.0 = Debug|Win32
		{CB5CAA1E-8A5B-4A0E-BC89-FCABC97CFF43}.Release|Any CPU.ActiveCfg = Release|x64
		{CB5CAA1E-8A5B-4A0E-BC89-FCABC97CFF43}.Release|Any CPU.Build.0 = Release|x64
		{CB5CAA1E-8A5B-4A0E-BC89-FCABC97CFF43}.Release|x64.ActiveCfg = Release|x64
		{CB5CAA1E-8A5B-4A0E-BC89-FCABC97CFF43}.Release|x64.Build.0 = Release|x64
		{CB5CAA1E-8A5B-4A0E-BC89-FCABC97CFF43}.Release|x86.ActiveCfg = Release|Win32
		{CB5CAA1E-8A5B-4A0E-BC89-FCABC97CFF43}.Release|x86.Build.0 = Release|Win32
		{5D7C1A34-AF48-48D4-A854-E010C6C8ECDA}.Debug|Any CPU.ActiveCfg = Debug|x64
		{5D7C1A34-AF48-48D4-A854-E010C6C8ECDA}.Debug|Any CPU.Build.0 = Debug|x64
		{5D7C1A34-AF48-48D4-A854-E010C6C8ECDA}.Debug|x64.ActiveCfg = Debug|x64
		{5D7C1A34-AF48-48D4-A854-E010C6C8ECDA}.Debug|x64.Build.0 = Debug|x64
		{5D7C1A34-AF48-48D4-A854-E010C6C8ECDA}.Debug|x86.ActiveCfg = Debug|Win32
		{5D7C1A34-AF48-48D4-A854-E010C6C8ECDA}.Debug|x86.Build.0 = Debug|Win32
		{5D7C1A34-AF48-48D4-A854-E010C6C8ECDA}.Release|Any CPU.ActiveCfg = Release|x64
		{5D7C1A34-AF48-48D4-A854-E010C6C8ECDA}.Release|Any CPU.Build.0 = Release|x64
		{5D7C1A34-AF48-48D4-A854-E010C6C8ECDA}.Release|x64.ActiveCfg = Release|x64
		{5D7C1A34-AF48-48D4-A854-E010C6C8ECDA}.Release|x64.Build.0 = Release|x64
		{5D7C1A34-AF48-48D4-A854-E010C6C8ECDA}.Release|x86.ActiveCfg = Release|Win32
		{5D7C1A34-AF48-48D4-A854-E010C6C8ECDA}.Release|x86.Build.0 = Release|Win32
		{16E9FCE9-D285-459F-9AD4-E1DBAD48F878}.Debug|Any CPU.ActiveCfg = Debug|x64
		{16E9FCE9-D285-459F-9AD4-E1DBAD48F878}.Debug|Any CPU.Build.0 = Debug|x64
		{16E9FCE9-D285-459F-9AD4-E1DBAD48F878}.Debug|x64.ActiveCfg = Debug|x64
		{16E9FCE9-D285-459F-9AD4-E1DBAD48F878}.Debug|x64.Build.0 = Debug|x64
		{16E9FCE9-D285-459F-9AD4-E1DBAD48F878}.Debug|x86.ActiveCfg = Debug|Win32
		{16E9FCE9-D285-459F-9AD4-E1DBAD48F878}.Debug|x86.Build.0 = Debug|Win32
		{16E9FCE9-D285-459F-9AD4-E1DBAD48F878}.Release|Any CPU.ActiveCfg = Release|x64
		{16E9FCE9-D285-459F-9AD4-E1DBAD48F878}.Release|Any CPU.Build.0 = Release|x64
		{16E9FCE9-D285-459F-9AD4-E1DBAD48F878}.Release|x64.ActiveCfg = Release|x64
		{16E9FCE9-D285-459F-9AD4-E1DBAD48F878}.Release|x64.Build.0 = Release|x64
		{16E9FCE9-D285-459F-9AD4-E1DBAD48F878}.Release|x86.ActiveCfg = Release|Win32
		{16E9FCE9-D285-459F-9AD4-E1DBAD48F878}.Release|x86.Build.0 = Release|Win32
		{0040C86D-2787-46D0-BBC5-1683642C6090}.Debug|Any CPU.ActiveCfg = Debug|x64
		{0040C86D-2787-46D0-BBC5-1683642C6090}.Debug|Any CPU.Build.0 = Debug|x64
		{0040C86D-2787-46D0-BBC5-1683642C6090}.Debug|x64.ActiveCfg = Debug|x64
		{0040C86D-2787-46D0-BBC5-1683642C6090}.Debug|x64.Build.0 = Debug|x64
		{0040C86D-2787-46D0-BBC5-1683642C6090}.Debug|x86.ActiveCfg = Debug|Win32
		{0040C86D-2787-46D0-BBC5-1683642C6090}.Debug|x86.Build.0 = Debug|Win32
		{0040C86D-2787-46D0-BBC5-1683642C6090}.Release|Any CPU.ActiveCfg = Release|x64
		{0040C86D-2787-46D0-BBC5-1683642C6090}.Release|Any CPU.Build.0 = Release|x64
		{0040C86D-2787-46D0-BBC5-1683642C6090}.Release|x64.ActiveCfg = Release|x64
		{0040C86D-2787-46D0-BBC5-1683642C6090}.Release|x64.Build.0 = Release|x64
		{0040C86D-2787-46D0-BBC5-1683642C6090}.Release|x86.ActiveCfg = Release|Win32
		{0040C86D-2787-46D0-BBC5-1683642C6090}.Release|x86.Build.0 = Release|Win32
		{7FAF9A8F-4904-4DCD-8584-9A6EB5D1E893}.Debug|Any CPU.ActiveCfg = Debug|x64
		{7FAF9A8F-4904-4DCD-8584-9A6EB5D1E893}.Debug|Any CPU.Build.0 = Debug|x64
		{7FAF9A8F-4904-4DCD-8584-9A6EB5D1E893}.Debug|x64.ActiveCfg = Debug|x64
		{7FAF9A8F-4904-4DCD-8584-9A6EB5D1E893}.Debug|x64.Build.0 = Debug|x64
		{7FAF9A8F-4904-4DCD-8584-9A6EB5D1E893}.Debug|x86.ActiveCfg = Debug|Win32
		{7FAF9A8F-4904-4DCD-8584-9A6EB5D1E893}.Debug|x86.Build.0 = Debug|Win32
		{7FAF9A8F-4904-4DCD-8584-9A6EB5D1E893}.Release|Any CPU.ActiveCfg = Release|x64
		{7FAF9A8F-4904-4DCD-8584-9A6EB5D1E893}.Release|Any CPU.Build.0 = Release|x64
		{7FAF9A8F-4904-4DCD-8584-9A6EB5D1E893}.Release|x64.ActiveCfg = Release|x64
		{7FAF9A8F-4904-4DCD-8584-9A6EB5D1E893}.Release|x64.Build.0 = Release|x64
		{7FAF9A8F-4904-4DCD-8584-9A6EB5D1E893}.Release|x86.ActiveCfg = Release|Win32
		{7FAF9A8F-4904-4DCD-8584-9A6EB5D1E893}.Release|x86.Build.0 = Release|Win32
		{16FC6942-970E-4E51-A3BB-B0AC0B2B4267}.Debug|Any CPU.ActiveCfg = Debug|x64
		{16FC6942-970E-4E51-A3BB-B0AC0B2B4267}.Debug|Any CPU.Build.0 = Debug|x64
		{16FC6942-970E-4E51-A3BB-B0AC0B2B4267}.Debug|x64.ActiveCfg = Debug|x64
		{16FC6942-970E-4E51-A3BB-B0AC0B2B4267}.Debug|x64.Build.0 = Debug|x64
		{16FC6942-970E-4E51-A3BB-B0AC0B2B4267}.Debug|x86.ActiveCfg = Debug|Win32
		{16FC6942-970E-4E51-A3BB-B0AC0B2B4267}.Debug|x86.Build.0 = Debug|Win32
		{16FC6942-970E-4E51-A3BB-B0AC0B2B4267}.Release|Any CPU.ActiveCfg = Release|x64
		{16FC6942-970E-4E51-A3BB-B0AC0B2B4267}.Release|Any CPU.Build.0 = Release|x64
		{16FC6942-970E-4E51-A3BB-B0AC0B2B4267}.Release|x64.ActiveCfg = Release|x64
		{16FC6942-970E-4E51-A3BB-B0AC0B2B4267}.Release|x64.Build.0 = Release|x64
		{16FC6942-970E-4E51-A3BB-B0AC0B2B4267}.Release|x86.ActiveCfg = Release|Win32
		{16FC6942-970E-4E51-A3BB-B0AC0B2B4267}.Release|x86.Build.0 = Release|Win32
		{50FACB27-1C86-4E18-87E8-D7EE70F48079}.Debug|Any CPU.ActiveCfg = Debug|x64
		{50FACB27-1C86-4E18-87E8-D7EE70F48079}.Debug|Any CPU.Build.0 = Debug|x64
		{50FACB27-1C86-4E18-87E8-D7EE70F48079}.Debug|x64.ActiveCfg = Debug|x64
		{50FACB27-1C86-4E18-87E8-D7EE70F48079}.Debug|x64.Build.0 = Debug|x64
		{50FACB27-1C86-4E18-87E8-D7EE70F48079}.Debug|x86.ActiveCfg = Debug|Win32
		{50FACB27-1C86-4E18-87E8-D7EE70F48079}.Debug|x86.Build.0 = Debug|Win32
		{50FACB27-1C86-4E18-87E8-D7EE70F48079}.Release|Any CPU.ActiveCfg = Release|x64
		{50FACB27-1C86-4E18-87E8-D7EE70F48079}.Release|Any CPU.Build.0 = Release|x64
		{50FACB27-1C86-4E18-87E8-D7EE70F48079}.Release|x64.ActiveCfg = Release|x64
		{50FACB27-1C86-4E18-87E8-D7EE70F48079}.Release|x64.Build.0 = Release|x64
		{50FACB27-1C86-4E18-87E8-D7EE70F48079}.Release|x86.ActiveCfg = Release|Win32
		{50FACB27-1C86-4E18-87E8-D7EE70F48079}.Release|x86.Build.0 = Release|Win32
		{753BFED4-F91E-4BA5-8AE6-5C7E6D545FC9}.Debug|Any CPU.ActiveCfg = Debug|x64
		{753BFED4-F91E-4BA5-8AE6-5C7E6D545FC9}.Debug|Any CPU.Build.0 = Debug|x64
		{753BFED4-F91E-4BA5-8AE6-5C7E6D545FC9}.Debug|x64.ActiveCfg = Debug|x64
		{753BFED4-F91E-4BA5-8AE6-5C7E6D545FC9}.Debug|x64.Build.0 = Debug|x64
		{753BFED4-F91E-4BA5-8AE6-5C7E6D545FC9}.Debug|x86.ActiveCfg = Debug|Win32
		{753BFED4-F91E-4BA5-8AE6-5C7E6D545FC9}.Debug|x86.Build.0 = Debug|Win32
		{753BFED4-F91E-4BA5-8AE6-5C7E6D545FC9}.Release|Any CPU.ActiveCfg = Release|x64
		{753BFED4-F91E-4BA5-8AE6-5C7E6D545FC9}.Release|Any CPU.Build.0 = Release|x64
		{753BFED4-F91E-4BA5-8AE6-5C7E6D545FC9}.Release|x64.ActiveCfg = Release|x64
		{753BFED4-F91E-4BA5-8AE6-5C7E6D545FC9}.Release|x64.Build.0 = Release|x64
		{753BFED4-F91E-4BA5-8AE6-5C7E6D545FC9}.Release|x86.ActiveCfg = Release|Win32
		{753BFED4-F91E-4BA5-8AE6-5C7E6D545FC9}.Release|x86.Build.0 = Release|Win32
		{A77CA644-C4F4-467F-B1A3-B6254F969F9D}.Debug|Any CPU.ActiveCfg = Debug|Any CPU
		{A77CA644-C4F4-467F-B1A3-B6254F969F9D}.Debug|Any CPU.Build.0 = Debug|Any CPU
		{A77CA644-C4F4-467F-B1A3-B6254F969F9D}.Debug|x64.ActiveCfg = Debug|Any CPU
		{A77CA644-C4F4-467F-B1A3-B6254F969F9D}.Debug|x64.Build.0 = Debug|Any CPU
		{A77CA644-C4F4-467F-B1A3-B6254F969F9D}.Debug|x86.ActiveCfg = Debug|Any CPU
		{A77CA644-C4F4-467F-B1A3-B6254F969F9D}.Debug|x86.Build.0 = Debug|Any CPU
		{A77CA644-C4F4-467F-B1A3-B6254F969F9D}.Release|Any CPU.ActiveCfg = Release|Any CPU
		{A77CA644-C4F4-467F-B1A3-B6254F969F9D}.Release|Any CPU.Build.0 = Release|Any CPU
		{A77CA644-C4F4-467F-B1A3-B6254F969F9D}.Release|x64.ActiveCfg = Release|Any CPU
		{A77CA644-C4F4-467F-B1A3-B6254F969F9D}.Release|x64.Build.0 = Release|Any CPU
		{A77CA644-C4F4-467F-B1A3-B6254F969F9D}.Release|x86.ActiveCfg = Release|Any CPU
		{A77CA644-C4F4-467F-B1A3-B6254F969F9D}.Release|x86.Build.0 = Release|Any CPU
		{A7B3F9C7-ABCD-40CE-A865-C65B2A35E8A0}.Debug|Any CPU.ActiveCfg = Debug|Any CPU
		{A7B3F9C7-ABCD-40CE-A865-C65B2A35E8A0}.Debug|Any CPU.Build.0 = Debug|Any CPU
		{A7B3F9C7-ABCD-40CE-A865-C65B2A35E8A0}.Debug|x64.ActiveCfg = Debug|Any CPU
		{A7B3F9C7-ABCD-40CE-A865-C65B2A35E8A0}.Debug|x64.Build.0 = Debug|Any CPU
		{A7B3F9C7-ABCD-40CE-A865-C65B2A35E8A0}.Debug|x86.ActiveCfg = Debug|Any CPU
		{A7B3F9C7-ABCD-40CE-A865-C65B2A35E8A0}.Debug|x86.Build.0 = Debug|Any CPU
		{A7B3F9C7-ABCD-40CE-A865-C65B2A35E8A0}.Release|Any CPU.ActiveCfg = Release|Any CPU
		{A7B3F9C7-ABCD-40CE-A865-C65B2A35E8A0}.Release|Any CPU.Build.0 = Release|Any CPU
		{A7B3F9C7-ABCD-40CE-A865-C65B2A35E8A0}.Release|x64.ActiveCfg = Release|Any CPU
		{A7B3F9C7-ABCD-40CE-A865-C65B2A35E8A0}.Release|x64.Build.0 = Release|Any CPU
		{A7B3F9C7-ABCD-40CE-A865-C65B2A35E8A0}.Release|x86.ActiveCfg = Release|Any CPU
		{A7B3F9C7-ABCD-40CE-A865-C65B2A35E8A0}.Release|x86.Build.0 = Release|Any CPU
		{8BE2414B-8965-4BB5-96B6-9E642D7675BB}.Debug|Any CPU.ActiveCfg = Debug|Any CPU
		{8BE2414B-8965-4BB5-96B6-9E642D7675BB}.Debug|Any CPU.Build.0 = Debug|Any CPU
		{8BE2414B-8965-4BB5-96B6-9E642D7675BB}.Debug|Any CPU.Deploy.0 = Debug|Any CPU
		{8BE2414B-8965-4BB5-96B6-9E642D7675BB}.Debug|x64.ActiveCfg = Debug|Any CPU
		{8BE2414B-8965-4BB5-96B6-9E642D7675BB}.Debug|x64.Build.0 = Debug|Any CPU
		{8BE2414B-8965-4BB5-96B6-9E642D7675BB}.Debug|x86.ActiveCfg = Debug|Any CPU
		{8BE2414B-8965-4BB5-96B6-9E642D7675BB}.Debug|x86.Build.0 = Debug|Any CPU
		{8BE2414B-8965-4BB5-96B6-9E642D7675BB}.Release|Any CPU.ActiveCfg = Release|Any CPU
		{8BE2414B-8965-4BB5-96B6-9E642D7675BB}.Release|Any CPU.Build.0 = Release|Any CPU
		{8BE2414B-8965-4BB5-96B6-9E642D7675BB}.Release|x64.ActiveCfg = Release|Any CPU
		{8BE2414B-8965-4BB5-96B6-9E642D7675BB}.Release|x64.Build.0 = Release|Any CPU
		{8BE2414B-8965-4BB5-96B6-9E642D7675BB}.Release|x86.ActiveCfg = Release|Any CPU
		{8BE2414B-8965-4BB5-96B6-9E642D7675BB}.Release|x86.Build.0 = Release|Any CPU
		{C9025857-05B1-4B04-987D-35157FCFE22D}.Debug|Any CPU.ActiveCfg = Debug|Any CPU
		{C9025857-05B1-4B04-987D-35157FCFE22D}.Debug|Any CPU.Build.0 = Debug|Any CPU
		{C9025857-05B1-4B04-987D-35157FCFE22D}.Debug|Any CPU.Deploy.0 = Debug|Any CPU
		{C9025857-05B1-4B04-987D-35157FCFE22D}.Debug|x64.ActiveCfg = Debug|Any CPU
		{C9025857-05B1-4B04-987D-35157FCFE22D}.Debug|x64.Build.0 = Debug|Any CPU
		{C9025857-05B1-4B04-987D-35157FCFE22D}.Debug|x86.ActiveCfg = Debug|Any CPU
		{C9025857-05B1-4B04-987D-35157FCFE22D}.Debug|x86.Build.0 = Debug|Any CPU
		{C9025857-05B1-4B04-987D-35157FCFE22D}.Release|Any CPU.ActiveCfg = Release|Any CPU
		{C9025857-05B1-4B04-987D-35157FCFE22D}.Release|Any CPU.Build.0 = Release|Any CPU
		{C9025857-05B1-4B04-987D-35157FCFE22D}.Release|x64.ActiveCfg = Release|Any CPU
		{C9025857-05B1-4B04-987D-35157FCFE22D}.Release|x64.Build.0 = Release|Any CPU
		{C9025857-05B1-4B04-987D-35157FCFE22D}.Release|x86.ActiveCfg = Release|Any CPU
		{C9025857-05B1-4B04-987D-35157FCFE22D}.Release|x86.Build.0 = Release|Any CPU
		{F94F9C70-1DCC-4257-A601-6DB22CD2715A}.Debug|Any CPU.ActiveCfg = Debug|Any CPU
		{F94F9C70-1DCC-4257-A601-6DB22CD2715A}.Debug|Any CPU.Build.0 = Debug|Any CPU
		{F94F9C70-1DCC-4257-A601-6DB22CD2715A}.Debug|x64.ActiveCfg = Debug|Any CPU
		{F94F9C70-1DCC-4257-A601-6DB22CD2715A}.Debug|x64.Build.0 = Debug|Any CPU
		{F94F9C70-1DCC-4257-A601-6DB22CD2715A}.Debug|x86.ActiveCfg = Debug|Any CPU
		{F94F9C70-1DCC-4257-A601-6DB22CD2715A}.Debug|x86.Build.0 = Debug|Any CPU
		{F94F9C70-1DCC-4257-A601-6DB22CD2715A}.Release|Any CPU.ActiveCfg = Release|Any CPU
		{F94F9C70-1DCC-4257-A601-6DB22CD2715A}.Release|Any CPU.Build.0 = Release|Any CPU
		{F94F9C70-1DCC-4257-A601-6DB22CD2715A}.Release|x64.ActiveCfg = Release|Any CPU
		{F94F9C70-1DCC-4257-A601-6DB22CD2715A}.Release|x64.Build.0 = Release|Any CPU
		{F94F9C70-1DCC-4257-A601-6DB22CD2715A}.Release|x86.ActiveCfg = Release|Any CPU
		{F94F9C70-1DCC-4257-A601-6DB22CD2715A}.Release|x86.Build.0 = Release|Any CPU
		{AFAAE62A-0E3F-4B21-A8B3-A1FB6A4B9EE4}.Debug|Any CPU.ActiveCfg = Debug|Any CPU
		{AFAAE62A-0E3F-4B21-A8B3-A1FB6A4B9EE4}.Debug|Any CPU.Build.0 = Debug|Any CPU
		{AFAAE62A-0E3F-4B21-A8B3-A1FB6A4B9EE4}.Debug|x64.ActiveCfg = Debug|Any CPU
		{AFAAE62A-0E3F-4B21-A8B3-A1FB6A4B9EE4}.Debug|x64.Build.0 = Debug|Any CPU
		{AFAAE62A-0E3F-4B21-A8B3-A1FB6A4B9EE4}.Debug|x86.ActiveCfg = Debug|Any CPU
		{AFAAE62A-0E3F-4B21-A8B3-A1FB6A4B9EE4}.Debug|x86.Build.0 = Debug|Any CPU
		{AFAAE62A-0E3F-4B21-A8B3-A1FB6A4B9EE4}.Release|Any CPU.ActiveCfg = Release|Any CPU
		{AFAAE62A-0E3F-4B21-A8B3-A1FB6A4B9EE4}.Release|Any CPU.Build.0 = Release|Any CPU
		{AFAAE62A-0E3F-4B21-A8B3-A1FB6A4B9EE4}.Release|x64.ActiveCfg = Release|Any CPU
		{AFAAE62A-0E3F-4B21-A8B3-A1FB6A4B9EE4}.Release|x64.Build.0 = Release|Any CPU
		{AFAAE62A-0E3F-4B21-A8B3-A1FB6A4B9EE4}.Release|x86.ActiveCfg = Release|Any CPU
		{AFAAE62A-0E3F-4B21-A8B3-A1FB6A4B9EE4}.Release|x86.Build.0 = Release|Any CPU
	EndGlobalSection
	GlobalSection(SolutionProperties) = preSolution
		HideSolutionNode = FALSE
	EndGlobalSection
	GlobalSection(NestedProjects) = preSolution
		{8A060558-79E7-4A85-8178-611943546D93} = {1393564D-4049-419F-A077-81F2621C5092}
		{2EDCBD4E-EF61-47B6-A3E2-932E94B8C555} = {1393564D-4049-419F-A077-81F2621C5092}
		{E2D01D85-BC06-4C8D-815C-FC0DBF6D51EB} = {2EDCBD4E-EF61-47B6-A3E2-932E94B8C555}
		{BC0F880C-8B0C-49E7-BD42-C612B5AF882B} = {2EDCBD4E-EF61-47B6-A3E2-932E94B8C555}
		{60D5A473-25CC-408C-9A42-2B93AC2C6E15} = {1393564D-4049-419F-A077-81F2621C5092}
		{CB5CAA1E-8A5B-4A0E-BC89-FCABC97CFF43} = {60D5A473-25CC-408C-9A42-2B93AC2C6E15}
		{158E7298-3135-4339-97E0-6EDB9AC1298D} = {1393564D-4049-419F-A077-81F2621C5092}
		{5D7C1A34-AF48-48D4-A854-E010C6C8ECDA} = {158E7298-3135-4339-97E0-6EDB9AC1298D}
		{9596D75F-E68D-446D-BC7D-A9B5206E0A5D} = {1393564D-4049-419F-A077-81F2621C5092}
		{16E9FCE9-D285-459F-9AD4-E1DBAD48F878} = {9596D75F-E68D-446D-BC7D-A9B5206E0A5D}
		{66324E5F-6D7B-481F-B971-C080C1E93294} = {7424C017-99C7-47CD-949D-6A7FAFBFF35C}
		{0040C86D-2787-46D0-BBC5-1683642C6090} = {66324E5F-6D7B-481F-B971-C080C1E93294}
		{7FAF9A8F-4904-4DCD-8584-9A6EB5D1E893} = {1393564D-4049-419F-A077-81F2621C5092}
		{16FC6942-970E-4E51-A3BB-B0AC0B2B4267} = {7424C017-99C7-47CD-949D-6A7FAFBFF35C}
		{712FD463-AA9F-4919-9983-F559D7CEAAE6} = {7424C017-99C7-47CD-949D-6A7FAFBFF35C}
		{50FACB27-1C86-4E18-87E8-D7EE70F48079} = {712FD463-AA9F-4919-9983-F559D7CEAAE6}
		{753BFED4-F91E-4BA5-8AE6-5C7E6D545FC9} = {8A060558-79E7-4A85-8178-611943546D93}
		{A77CA644-C4F4-467F-B1A3-B6254F969F9D} = {7424C017-99C7-47CD-949D-6A7FAFBFF35C}
		{A7B3F9C7-ABCD-40CE-A865-C65B2A35E8A0} = {7424C017-99C7-47CD-949D-6A7FAFBFF35C}
		{5B345F36-8E50-4D62-BC6F-0BDFA298D0CC} = {7424C017-99C7-47CD-949D-6A7FAFBFF35C}
		{8BE2414B-8965-4BB5-96B6-9E642D7675BB} = {02EA681E-C7D8-13C7-8484-4AC65E1B71E8}
		{C9025857-05B1-4B04-987D-35157FCFE22D} = {02EA681E-C7D8-13C7-8484-4AC65E1B71E8}
		{F94F9C70-1DCC-4257-A601-6DB22CD2715A} = {02EA681E-C7D8-13C7-8484-4AC65E1B71E8}
		{AFAAE62A-0E3F-4B21-A8B3-A1FB6A4B9EE4} = {02EA681E-C7D8-13C7-8484-4AC65E1B71E8}
	EndGlobalSection
	GlobalSection(ExtensibilityGlobals) = postSolution
		SolutionGuid = {7CBD7B0B-2007-46AE-80A3-6C438828ADF4}
	EndGlobalSection
EndGlobal
